
Microsoft Visual Studio Solution File, Format Version 12.00
# Visual Studio 15
VisualStudioVersion = 15.0.28010.2036
MinimumVisualStudioVersion = 10.0.40219.1
Project("{FAE04EC0-301F-11D3-BF4B-00C04F79EFBC}") = "FlyersUp", "FlyersUp\FlyersUp.csproj", "{BFC626D5-62BA-4D8F-94BE-ACE973482CB2}"
EndProject
Global
	GlobalSection(SolutionConfigurationPlatforms) = preSolution
		Debug|Any CPU = Debug|Any CPU
		Release|Any CPU = Release|Any CPU
	EndGlobalSection
	GlobalSection(ProjectConfigurationPlatforms) = postSolution
		{BFC626D5-62BA-4D8F-94BE-ACE973482CB2}.Debug|Any CPU.ActiveCfg = Debug|Any CPU
		{BFC626D5-62BA-4D8F-94BE-ACE973482CB2}.Debug|Any CPU.Build.0 = Debug|Any CPU
		{BFC626D5-62BA-4D8F-94BE-ACE973482CB2}.Release|Any CPU.ActiveCfg = Release|Any CPU
		{BFC626D5-62BA-4D8F-94BE-ACE973482CB2}.Release|Any CPU.Build.0 = Release|Any CPU
	EndGlobalSection
	GlobalSection(SolutionProperties) = preSolution
		HideSolutionNode = FALSE
	EndGlobalSection
	GlobalSection(ExtensibilityGlobals) = postSolution
		SolutionGuid = {0F317031-39E6-49F3-AE47-8271AEEA4784}
	EndGlobalSection
EndGlobal
